
Microsoft Visual Studio Solution File, Format Version 12.00
# Visual Studio Version 16
VisualStudioVersion = 16.0.29324.140
MinimumVisualStudioVersion = 10.0.40219.1
Project("{FAE04EC0-301F-11D3-BF4B-00C04F79EFBC}") = "CreatingTextFile", "CreatingTextFile.csproj", "{032939B0-F610-4BB1-97F1-CCCB3B77F5AE}"
EndProject
Global
	GlobalSection(SolutionConfigurationPlatforms) = preSolution
		Debug|Any CPU = Debug|Any CPU
		Release|Any CPU = Release|Any CPU
	EndGlobalSection
	GlobalSection(ProjectConfigurationPlatforms) = postSolution
		{032939B0-F610-4BB1-97F1-CCCB3B77F5AE}.Debug|Any CPU.ActiveCfg = Debug|Any CPU
		{032939B0-F610-4BB1-97F1-CCCB3B77F5AE}.Debug|Any CPU.Build.0 = Debug|Any CPU
		{032939B0-F610-4BB1-97F1-CCCB3B77F5AE}.Release|Any CPU.ActiveCfg = Release|Any CPU
		{032939B0-F610-4BB1-97F1-CCCB3B77F5AE}.Release|Any CPU.Build.0 = Release|Any CPU
	EndGlobalSection
	GlobalSection(SolutionProperties) = preSolution
		HideSolutionNode = FALSE
	EndGlobalSection
	GlobalSection(ExtensibilityGlobals) = postSolution
		SolutionGuid = {F8E61858-8317-4D33-941C-01106A691AB9}
	EndGlobalSection
EndGlobal
